
Microsoft Visual Studio Solution File, Format Version 12.00
# Visual Studio Version 17
VisualStudioVersion = 17.11.35222.181
MinimumVisualStudioVersion = 10.0.40219.1
Project("{9A19103F-16F7-4668-BE54-9A1E7A4F7556}") = "AplicativoMaiu", "AplicativoMaiu\AplicativoMaiu.csproj", "{C267B134-D3A5-4CBC-B0A0-CBBA99AF69EB}"
EndProject
Global
	GlobalSection(SolutionConfigurationPlatforms) = preSolution
		Debug|Any CPU = Debug|Any CPU
		Release|Any CPU = Release|Any CPU
	EndGlobalSection
	GlobalSection(ProjectConfigurationPlatforms) = postSolution
		{C267B134-D3A5-4CBC-B0A0-CBBA99AF69EB}.Debug|Any CPU.ActiveCfg = Debug|Any CPU
		{C267B134-D3A5-4CBC-B0A0-CBBA99AF69EB}.Debug|Any CPU.Build.0 = Debug|Any CPU
		{C267B134-D3A5-4CBC-B0A0-CBBA99AF69EB}.Debug|Any CPU.Deploy.0 = Debug|Any CPU
		{C267B134-D3A5-4CBC-B0A0-CBBA99AF69EB}.Release|Any CPU.ActiveCfg = Release|Any CPU
		{C267B134-D3A5-4CBC-B0A0-CBBA99AF69EB}.Release|Any CPU.Build.0 = Release|Any CPU
		{C267B134-D3A5-4CBC-B0A0-CBBA99AF69EB}.Release|Any CPU.Deploy.0 = Release|Any CPU
	EndGlobalSection
	GlobalSection(SolutionProperties) = preSolution
		HideSolutionNode = FALSE
	EndGlobalSection
	GlobalSection(ExtensibilityGlobals) = postSolution
		SolutionGuid = {48A379FF-5774-4E2C-B3E8-ADFFE86BA2A4}
	EndGlobalSection
EndGlobal
